// !$*UTF8*$!
{
	archiveVersion = 1;
	classes = {
	};
	objectVersion = 46;
	objects = {

/* Begin PBXBuildFile section */
		FE16215919F5C82A00A676B7 /* AppDelegate.swift in Sources */ = {isa = PBXBuildFile; fileRef = FE16215819F5C82A00A676B7 /* AppDelegate.swift */; };
		FE16215B19F5C82A00A676B7 /* MasterViewController.swift in Sources */ = {isa = PBXBuildFile; fileRef = FE16215A19F5C82A00A676B7 /* MasterViewController.swift */; };
		FE16215D19F5C82A00A676B7 /* DetailViewController.swift in Sources */ = {isa = PBXBuildFile; fileRef = FE16215C19F5C82A00A676B7 /* DetailViewController.swift */; };
		FE16216019F5C82A00A676B7 /* Main.storyboard in Resources */ = {isa = PBXBuildFile; fileRef = FE16215E19F5C82A00A676B7 /* Main.storyboard */; };
		FE16216219F5C82A00A676B7 /* Images.xcassets in Resources */ = {isa = PBXBuildFile; fileRef = FE16216119F5C82A00A676B7 /* Images.xcassets */; };
		FE16216519F5C82A00A676B7 /* LaunchScreen.xib in Resources */ = {isa = PBXBuildFile; fileRef = FE16216319F5C82A00A676B7 /* LaunchScreen.xib */; };
		FE16217B19F5C8CE00A676B7 /* CoreLocation.framework in Frameworks */ = {isa = PBXBuildFile; fileRef = FE16217A19F5C8CE00A676B7 /* CoreLocation.framework */; };
		FE16217D19F5D0A700A676B7 /* MapKit.framework in Frameworks */ = {isa = PBXBuildFile; fileRef = FE16217C19F5D0A700A676B7 /* MapKit.framework */; };
		FE9B56CF19F9D10000E68C63 /* MapAnnotation.swift in Sources */ = {isa = PBXBuildFile; fileRef = FE9B56CE19F9D10000E68C63 /* MapAnnotation.swift */; };
		FEBB40E51A05823700D66FB0 /* icon120.png in Resources */ = {isa = PBXBuildFile; fileRef = FEBB40E21A05823700D66FB0 /* icon120.png */; };
		FEBB40E61A05823700D66FB0 /* icon80.png in Resources */ = {isa = PBXBuildFile; fileRef = FEBB40E31A05823700D66FB0 /* icon80.png */; };
		FEBB40E71A05823700D66FB0 /* icon58.png in Resources */ = {isa = PBXBuildFile; fileRef = FEBB40E41A05823700D66FB0 /* icon58.png */; };
		FED3A6C71A05832B001D59F2 /* star120_original_2x.png in Resources */ = {isa = PBXBuildFile; fileRef = FED3A6C61A05832B001D59F2 /* star120_original_2x.png */; };
		FEDE8BC419FEE6150096ADC0 /* PlaceAndLocation.swift in Sources */ = {isa = PBXBuildFile; fileRef = FEDE8BC319FEE6150096ADC0 /* PlaceAndLocation.swift */; };
/* End PBXBuildFile section */

/* Begin PBXContainerItemProxy section */
		FE16216B19F5C82A00A676B7 /* PBXContainerItemProxy */ = {
			isa = PBXContainerItemProxy;
			containerPortal = FE16214B19F5C82A00A676B7 /* Project object */;
			proxyType = 1;
			remoteGlobalIDString = FE16215219F5C82A00A676B7;
			remoteInfo = LocationTracker;
		};
/* End PBXContainerItemProxy section */

/* Begin PBXFileReference section */
		FE16215319F5C82A00A676B7 /* Suggestions.app */ = {isa = PBXFileReference; explicitFileType = wrapper.application; includeInIndex = 0; path = Suggestions.app; sourceTree = BUILT_PRODUCTS_DIR; };
		FE16215719F5C82A00A676B7 /* Info.plist */ = {isa = PBXFileReference; lastKnownFileType = text.plist.xml; path = Info.plist; sourceTree = "<group>"; };
		FE16215819F5C82A00A676B7 /* AppDelegate.swift */ = {isa = PBXFileReference; lastKnownFileType = sourcecode.swift; path = AppDelegate.swift; sourceTree = "<group>"; };
		FE16215A19F5C82A00A676B7 /* MasterViewController.swift */ = {isa = PBXFileReference; lastKnownFileType = sourcecode.swift; path = MasterViewController.swift; sourceTree = "<group>"; };
		FE16215C19F5C82A00A676B7 /* DetailViewController.swift */ = {isa = PBXFileReference; lastKnownFileType = sourcecode.swift; path = DetailViewController.swift; sourceTree = "<group>"; };
		FE16215F19F5C82A00A676B7 /* Base */ = {isa = PBXFileReference; lastKnownFileType = file.storyboard; name = Base; path = Base.lproj/Main.storyboard; sourceTree = "<group>"; };
		FE16216119F5C82A00A676B7 /* Images.xcassets */ = {isa = PBXFileReference; lastKnownFileType = folder.assetcatalog; path = Images.xcassets; sourceTree = "<group>"; };
		FE16216419F5C82A00A676B7 /* Base */ = {isa = PBXFileReference; lastKnownFileType = file.xib; name = Base; path = Base.lproj/LaunchScreen.xib; sourceTree = "<group>"; };
		FE16216A19F5C82A00A676B7 /* SuggestionsTests.xctest */ = {isa = PBXFileReference; explicitFileType = wrapper.cfbundle; includeInIndex = 0; path = SuggestionsTests.xctest; sourceTree = BUILT_PRODUCTS_DIR; };
		FE16216F19F5C82A00A676B7 /* Info.plist */ = {isa = PBXFileReference; lastKnownFileType = text.plist.xml; path = Info.plist; sourceTree = "<group>"; };
		FE16217019F5C82A00A676B7 /* LocationTrackerTests.swift */ = {isa = PBXFileReference; lastKnownFileType = sourcecode.swift; path = LocationTrackerTests.swift; sourceTree = "<group>"; };
		FE16217A19F5C8CE00A676B7 /* CoreLocation.framework */ = {isa = PBXFileReference; lastKnownFileType = wrapper.framework; name = CoreLocation.framework; path = System/Library/Frameworks/CoreLocation.framework; sourceTree = SDKROOT; };
		FE16217C19F5D0A700A676B7 /* MapKit.framework */ = {isa = PBXFileReference; lastKnownFileType = wrapper.framework; name = MapKit.framework; path = System/Library/Frameworks/MapKit.framework; sourceTree = SDKROOT; };
		FE9B56CE19F9D10000E68C63 /* MapAnnotation.swift */ = {isa = PBXFileReference; fileEncoding = 4; lastKnownFileType = sourcecode.swift; path = MapAnnotation.swift; sourceTree = "<group>"; };
		FEBB40E21A05823700D66FB0 /* icon120.png */ = {isa = PBXFileReference; lastKnownFileType = image.png; path = icon120.png; sourceTree = "<group>"; };
		FEBB40E31A05823700D66FB0 /* icon80.png */ = {isa = PBXFileReference; lastKnownFileType = image.png; path = icon80.png; sourceTree = "<group>"; };
		FEBB40E41A05823700D66FB0 /* icon58.png */ = {isa = PBXFileReference; lastKnownFileType = image.png; path = icon58.png; sourceTree = "<group>"; };
		FED3A6C61A05832B001D59F2 /* star120_original_2x.png */ = {isa = PBXFileReference; lastKnownFileType = image.png; path = star120_original_2x.png; sourceTree = "<group>"; };
		FEDE8BC319FEE6150096ADC0 /* PlaceAndLocation.swift */ = {isa = PBXFileReference; fileEncoding = 4; lastKnownFileType = sourcecode.swift; path = PlaceAndLocation.swift; sourceTree = "<group>"; };
/* End PBXFileReference section */

/* Begin PBXFrameworksBuildPhase section */
		FE16215019F5C82A00A676B7 /* Frameworks */ = {
			isa = PBXFrameworksBuildPhase;
			buildActionMask = 2147483647;
			files = (
				FE16217D19F5D0A700A676B7 /* MapKit.framework in Frameworks */,
				FE16217B19F5C8CE00A676B7 /* CoreLocation.framework in Frameworks */,
			);
			runOnlyForDeploymentPostprocessing = 0;
		};
		FE16216719F5C82A00A676B7 /* Frameworks */ = {
			isa = PBXFrameworksBuildPhase;
			buildActionMask = 2147483647;
			files = (
			);
			runOnlyForDeploymentPostprocessing = 0;
		};
/* End PBXFrameworksBuildPhase section */

/* Begin PBXGroup section */
		FE16214A19F5C82A00A676B7 = {
			isa = PBXGroup;
			children = (
				FE16217C19F5D0A700A676B7 /* MapKit.framework */,
				FE16217A19F5C8CE00A676B7 /* CoreLocation.framework */,
				FE16215519F5C82A00A676B7 /* LocationTracker */,
				FE16216D19F5C82A00A676B7 /* LocationTrackerTests */,
				FE16215419F5C82A00A676B7 /* Products */,
			);
			sourceTree = "<group>";
		};
		FE16215419F5C82A00A676B7 /* Products */ = {
			isa = PBXGroup;
			children = (
				FE16215319F5C82A00A676B7 /* Suggestions.app */,
				FE16216A19F5C82A00A676B7 /* SuggestionsTests.xctest */,
			);
			name = Products;
			sourceTree = "<group>";
		};
		FE16215519F5C82A00A676B7 /* LocationTracker */ = {
			isa = PBXGroup;
			children = (
				FE16215819F5C82A00A676B7 /* AppDelegate.swift */,
				FE16215A19F5C82A00A676B7 /* MasterViewController.swift */,
				FE16215C19F5C82A00A676B7 /* DetailViewController.swift */,
				FE9B56CE19F9D10000E68C63 /* MapAnnotation.swift */,
				FE16215E19F5C82A00A676B7 /* Main.storyboard */,
				FE16216119F5C82A00A676B7 /* Images.xcassets */,
				FE16216319F5C82A00A676B7 /* LaunchScreen.xib */,
				FE16215619F5C82A00A676B7 /* Supporting Files */,
				FEDE8BC319FEE6150096ADC0 /* PlaceAndLocation.swift */,
			);
			path = LocationTracker;
			sourceTree = "<group>";
		};
		FE16215619F5C82A00A676B7 /* Supporting Files */ = {
			isa = PBXGroup;
			children = (
				FEBB40E21A05823700D66FB0 /* icon120.png */,
				FED3A6C61A05832B001D59F2 /* star120_original_2x.png */,
				FEBB40E31A05823700D66FB0 /* icon80.png */,
				FEBB40E41A05823700D66FB0 /* icon58.png */,
				FE16215719F5C82A00A676B7 /* Info.plist */,
			);
			name = "Supporting Files";
			sourceTree = "<group>";
		};
		FE16216D19F5C82A00A676B7 /* LocationTrackerTests */ = {
			isa = PBXGroup;
			children = (
				FE16217019F5C82A00A676B7 /* LocationTrackerTests.swift */,
				FE16216E19F5C82A00A676B7 /* Supporting Files */,
			);
			path = LocationTrackerTests;
			sourceTree = "<group>";
		};
		FE16216E19F5C82A00A676B7 /* Supporting Files */ = {
			isa = PBXGroup;
			children = (
				FE16216F19F5C82A00A676B7 /* Info.plist */,
			);
			name = "Supporting Files";
			sourceTree = "<group>";
		};
/* End PBXGroup section */

/* Begin PBXNativeTarget section */
		FE16215219F5C82A00A676B7 /* Suggestions */ = {
			isa = PBXNativeTarget;
			buildConfigurationList = FE16217419F5C82A00A676B7 /* Build configuration list for PBXNativeTarget "Suggestions" */;
			buildPhases = (
				FE16214F19F5C82A00A676B7 /* Sources */,
				FE16215019F5C82A00A676B7 /* Frameworks */,
				FE16215119F5C82A00A676B7 /* Resources */,
			);
			buildRules = (
			);
			dependencies = (
			);
			name = Suggestions;
			productName = LocationTracker;
			productReference = FE16215319F5C82A00A676B7 /* Suggestions.app */;
			productType = "com.apple.product-type.application";
		};
		FE16216919F5C82A00A676B7 /* SuggestionsTests */ = {
			isa = PBXNativeTarget;
			buildConfigurationList = FE16217719F5C82A00A676B7 /* Build configuration list for PBXNativeTarget "SuggestionsTests" */;
			buildPhases = (
				FE16216619F5C82A00A676B7 /* Sources */,
				FE16216719F5C82A00A676B7 /* Frameworks */,
				FE16216819F5C82A00A676B7 /* Resources */,
			);
			buildRules = (
			);
			dependencies = (
				FE16216C19F5C82A00A676B7 /* PBXTargetDependency */,
			);
			name = SuggestionsTests;
			productName = LocationTrackerTests;
			productReference = FE16216A19F5C82A00A676B7 /* SuggestionsTests.xctest */;
			productType = "com.apple.product-type.bundle.unit-test";
		};
/* End PBXNativeTarget section */

/* Begin PBXProject section */
		FE16214B19F5C82A00A676B7 /* Project object */ = {
			isa = PBXProject;
			attributes = {
				LastUpgradeCheck = 0600;
				ORGANIZATIONNAME = "Aditya Bansod";
				TargetAttributes = {
					FE16215219F5C82A00A676B7 = {
						CreatedOnToolsVersion = 6.0.1;
					};
					FE16216919F5C82A00A676B7 = {
						CreatedOnToolsVersion = 6.0.1;
						TestTargetID = FE16215219F5C82A00A676B7;
					};
				};
			};
			buildConfigurationList = FE16214E19F5C82A00A676B7 /* Build configuration list for PBXProject "Suggestions" */;
			compatibilityVersion = "Xcode 3.2";
			developmentRegion = English;
			hasScannedForEncodings = 0;
			knownRegions = (
				en,
				Base,
			);
			mainGroup = FE16214A19F5C82A00A676B7;
			productRefGroup = FE16215419F5C82A00A676B7 /* Products */;
			projectDirPath = "";
			projectRoot = "";
			targets = (
				FE16215219F5C82A00A676B7 /* Suggestions */,
				FE16216919F5C82A00A676B7 /* SuggestionsTests */,
			);
		};
/* End PBXProject section */

/* Begin PBXResourcesBuildPhase section */
		FE16215119F5C82A00A676B7 /* Resources */ = {
			isa = PBXResourcesBuildPhase;
			buildActionMask = 2147483647;
			files = (
				FE16216019F5C82A00A676B7 /* Main.storyboard in Resources */,
				FE16216519F5C82A00A676B7 /* LaunchScreen.xib in Resources */,
				FEBB40E51A05823700D66FB0 /* icon120.png in Resources */,
				FEBB40E71A05823700D66FB0 /* icon58.png in Resources */,
				FE16216219F5C82A00A676B7 /* Images.xcassets in Resources */,
				FED3A6C71A05832B001D59F2 /* star120_original_2x.png in Resources */,
				FEBB40E61A05823700D66FB0 /* icon80.png in Resources */,
			);
			runOnlyForDeploymentPostprocessing = 0;
		};
		FE16216819F5C82A00A676B7 /* Resources */ = {
			isa = PBXResourcesBuildPhase;
			buildActionMask = 2147483647;
			files = (
			);
			runOnlyForDeploymentPostprocessing = 0;
		};
/* End PBXResourcesBuildPhase section */

/* Begin PBXSourcesBuildPhase section */
		FE16214F19F5C82A00A676B7 /* Sources */ = {
			isa = PBXSourcesBuildPhase;
			buildActionMask = 2147483647;
			files = (
				FE16215D19F5C82A00A676B7 /* DetailViewController.swift in Sources */,
				FEDE8BC419FEE6150096ADC0 /* PlaceAndLocation.swift in Sources */,
				FE16215B19F5C82A00A676B7 /* MasterViewController.swift in Sources */,
				FE16215919F5C82A00A676B7 /* AppDelegate.swift in Sources */,
				FE9B56CF19F9D10000E68C63 /* MapAnnotation.swift in Sources */,
			);
			runOnlyForDeploymentPostprocessing = 0;
		};
		FE16216619F5C82A00A676B7 /* Sources */ = {
			isa = PBXSourcesBuildPhase;
			buildActionMask = 2147483647;
			files = (
			);
			runOnlyForDeploymentPostprocessing = 0;
		};
/* End PBXSourcesBuildPhase section */

/* Begin PBXTargetDependency section */
		FE16216C19F5C82A00A676B7 /* PBXTargetDependency */ = {
			isa = PBXTargetDependency;
			target = FE16215219F5C82A00A676B7 /* Suggestions */;
			targetProxy = FE16216B19F5C82A00A676B7 /* PBXContainerItemProxy */;
		};
/* End PBXTargetDependency section */

/* Begin PBXVariantGroup section */
		FE16215E19F5C82A00A676B7 /* Main.storyboard */ = {
			isa = PBXVariantGroup;
			children = (
				FE16215F19F5C82A00A676B7 /* Base */,
			);
			name = Main.storyboard;
			sourceTree = "<group>";
		};
		FE16216319F5C82A00A676B7 /* LaunchScreen.xib */ = {
			isa = PBXVariantGroup;
			children = (
				FE16216419F5C82A00A676B7 /* Base */,
			);
			name = LaunchScreen.xib;
			sourceTree = "<group>";
		};
/* End PBXVariantGroup section */

/* Begin XCBuildConfiguration section */
		FE16217219F5C82A00A676B7 /* Debug */ = {
			isa = XCBuildConfiguration;
			buildSettings = {
				ALWAYS_SEARCH_USER_PATHS = NO;
				CLANG_CXX_LANGUAGE_STANDARD = "gnu++0x";
				CLANG_CXX_LIBRARY = "libc++";
				CLANG_ENABLE_MODULES = YES;
				CLANG_ENABLE_OBJC_ARC = YES;
				CLANG_WARN_BOOL_CONVERSION = YES;
				CLANG_WARN_CONSTANT_CONVERSION = YES;
				CLANG_WARN_DIRECT_OBJC_ISA_USAGE = YES_ERROR;
				CLANG_WARN_EMPTY_BODY = YES;
				CLANG_WARN_ENUM_CONVERSION = YES;
				CLANG_WARN_INT_CONVERSION = YES;
				CLANG_WARN_OBJC_ROOT_CLASS = YES_ERROR;
				CLANG_WARN_UNREACHABLE_CODE = YES;
				CLANG_WARN__DUPLICATE_METHOD_MATCH = YES;
				"CODE_SIGN_IDENTITY[sdk=iphoneos*]" = "iPhone Developer";
				COPY_PHASE_STRIP = NO;
				ENABLE_STRICT_OBJC_MSGSEND = YES;
				GCC_C_LANGUAGE_STANDARD = gnu99;
				GCC_DYNAMIC_NO_PIC = NO;
				GCC_OPTIMIZATION_LEVEL = 0;
				GCC_PREPROCESSOR_DEFINITIONS = (
					"DEBUG=1",
					"$(inherited)",
				);
				GCC_SYMBOLS_PRIVATE_EXTERN = NO;
				GCC_WARN_64_TO_32_BIT_CONVERSION = YES;
				GCC_WARN_ABOUT_RETURN_TYPE = YES_ERROR;
				GCC_WARN_UNDECLARED_SELECTOR = YES;
				GCC_WARN_UNINITIALIZED_AUTOS = YES_AGGRESSIVE;
				GCC_WARN_UNUSED_FUNCTION = YES;
				GCC_WARN_UNUSED_VARIABLE = YES;
				IPHONEOS_DEPLOYMENT_TARGET = 8.0;
				MTL_ENABLE_DEBUG_INFO = YES;
				ONLY_ACTIVE_ARCH = YES;
				SDKROOT = iphoneos;
				SWIFT_OPTIMIZATION_LEVEL = "-Onone";
			};
			name = Debug;
		};
		FE16217319F5C82A00A676B7 /* Release */ = {
			isa = XCBuildConfiguration;
			buildSettings = {
				ALWAYS_SEARCH_USER_PATHS = NO;
				CLANG_CXX_LANGUAGE_STANDARD = "gnu++0x";
				CLANG_CXX_LIBRARY = "libc++";
				CLANG_ENABLE_MODULES = YES;
				CLANG_ENABLE_OBJC_ARC = YES;
				CLANG_WARN_BOOL_CONVERSION = YES;
				CLANG_WARN_CONSTANT_CONVERSION = YES;
				CLANG_WARN_DIRECT_OBJC_ISA_USAGE = YES_ERROR;
				CLANG_WARN_EMPTY_BODY = YES;
				CLANG_WARN_ENUM_CONVERSION = YES;
				CLANG_WARN_INT_CONVERSION = YES;
				CLANG_WARN_OBJC_ROOT_CLASS = YES_ERROR;
				CLANG_WARN_UNREACHABLE_CODE = YES;
				CLANG_WARN__DUPLICATE_METHOD_MATCH = YES;
				"CODE_SIGN_IDENTITY[sdk=iphoneos*]" = "iPhone Developer";
				COPY_PHASE_STRIP = YES;
				ENABLE_NS_ASSERTIONS = NO;
				ENABLE_STRICT_OBJC_MSGSEND = YES;
				GCC_C_LANGUAGE_STANDARD = gnu99;
				GCC_WARN_64_TO_32_BIT_CONVERSION = YES;
				GCC_WARN_ABOUT_RETURN_TYPE = YES_ERROR;
				GCC_WARN_UNDECLARED_SELECTOR = YES;
				GCC_WARN_UNINITIALIZED_AUTOS = YES_AGGRESSIVE;
				GCC_WARN_UNUSED_FUNCTION = YES;
				GCC_WARN_UNUSED_VARIABLE = YES;
				IPHONEOS_DEPLOYMENT_TARGET = 8.0;
				MTL_ENABLE_DEBUG_INFO = NO;
				SDKROOT = iphoneos;
				VALIDATE_PRODUCT = YES;
			};
			name = Release;
		};
		FE16217519F5C82A00A676B7 /* Debug */ = {
			isa = XCBuildConfiguration;
			buildSettings = {
				ASSETCATALOG_COMPILER_APPICON_NAME = AppIcon;
				INFOPLIST_FILE = LocationTracker/Info.plist;
				LD_RUNPATH_SEARCH_PATHS = "$(inherited) @executable_path/Frameworks";
				PRODUCT_NAME = Suggestions;
			};
			name = Debug;
		};
		FE16217619F5C82A00A676B7 /* Release */ = {
			isa = XCBuildConfiguration;
			buildSettings = {
				ASSETCATALOG_COMPILER_APPICON_NAME = AppIcon;
				INFOPLIST_FILE = LocationTracker/Info.plist;
				LD_RUNPATH_SEARCH_PATHS = "$(inherited) @executable_path/Frameworks";
				PRODUCT_NAME = Suggestions;
			};
			name = Release;
		};
		FE16217819F5C82A00A676B7 /* Debug */ = {
			isa = XCBuildConfiguration;
			buildSettings = {
				BUNDLE_LOADER = "$(TEST_HOST)";
				FRAMEWORK_SEARCH_PATHS = (
					"$(SDKROOT)/Developer/Library/Frameworks",
					"$(inherited)",
				);
				GCC_PREPROCESSOR_DEFINITIONS = (
					"DEBUG=1",
					"$(inherited)",
				);
				INFOPLIST_FILE = LocationTrackerTests/Info.plist;
				LD_RUNPATH_SEARCH_PATHS = "$(inherited) @executable_path/Frameworks @loader_path/Frameworks";
				PRODUCT_NAME = SuggestionsTests;
				TEST_HOST = "$(BUILT_PRODUCTS_DIR)/LocationTracker.app/LocationTracker";
			};
			name = Debug;
		};
		FE16217919F5C82A00A676B7 /* Release */ = {
			isa = XCBuildConfiguration;
			buildSettings = {
				BUNDLE_LOADER = "$(TEST_HOST)";
				FRAMEWORK_SEARCH_PATHS = (
					"$(SDKROOT)/Developer/Library/Frameworks",
					"$(inherited)",
				);
				INFOPLIST_FILE = LocationTrackerTests/Info.plist;
				LD_RUNPATH_SEARCH_PATHS = "$(inherited) @executable_path/Frameworks @loader_path/Frameworks";
				PRODUCT_NAME = SuggestionsTests;
				TEST_HOST = "$(BUILT_PRODUCTS_DIR)/LocationTracker.app/LocationTracker";
			};
			name = Release;
		};
/* End XCBuildConfiguration section */

/* Begin XCConfigurationList section */
		FE16214E19F5C82A00A676B7 /* Build configuration list for PBXProject "Suggestions" */ = {
			isa = XCConfigurationList;
			buildConfigurations = (
				FE16217219F5C82A00A676B7 /* Debug */,
				FE16217319F5C82A00A676B7 /* Release */,
			);
			defaultConfigurationIsVisible = 0;
			defaultConfigurationName = Release;
		};
		FE16217419F5C82A00A676B7 /* Build configuration list for PBXNativeTarget "Suggestions" */ = {
			isa = XCConfigurationList;
			buildConfigurations = (
				FE16217519F5C82A00A676B7 /* Debug */,
				FE16217619F5C82A00A676B7 /* Release */,
			);
			defaultConfigurationIsVisible = 0;
			defaultConfigurationName = Release;
		};
		FE16217719F5C82A00A676B7 /* Build configuration list for PBXNativeTarget "SuggestionsTests" */ = {
			isa = XCConfigurationList;
			buildConfigurations = (
				FE16217819F5C82A00A676B7 /* Debug */,
				FE16217919F5C82A00A676B7 /* Release */,
			);
			defaultConfigurationIsVisible = 0;
			defaultConfigurationName = Release;
		};
/* End XCConfigurationList section */
	};
	rootObject = FE16214B19F5C82A00A676B7 /* Project object */;
}
